// !$*UTF8*$!
{
	archiveVersion = 1;
	classes = {
	};
	objectVersion = 55;
	objects = {

/* Begin PBXBuildFile section */
		0CF17377722FA9EDBE6A0CAB /* Pods_PokemonAppTests.framework in Frameworks */ = {isa = PBXBuildFile; fileRef = 9610BD90B38EB4C66C2D656D /* Pods_PokemonAppTests.framework */; };
		86362401D09B286E57D474CE /* Pods_PokemonApp.framework in Frameworks */ = {isa = PBXBuildFile; fileRef = B9CEAFBF3C8E41BCA0927A20 /* Pods_PokemonApp.framework */; };
		F5A49ABA296DC70300D6706F /* AppDelegate.swift in Sources */ = {isa = PBXBuildFile; fileRef = F5A49AB9296DC70300D6706F /* AppDelegate.swift */; };
		F5A49ABC296DC70300D6706F /* SceneDelegate.swift in Sources */ = {isa = PBXBuildFile; fileRef = F5A49ABB296DC70300D6706F /* SceneDelegate.swift */; };
		F5A49AC3296DC70600D6706F /* Assets.xcassets in Resources */ = {isa = PBXBuildFile; fileRef = F5A49AC2296DC70600D6706F /* Assets.xcassets */; };
		F5A49AC6296DC70600D6706F /* LaunchScreen.storyboard in Resources */ = {isa = PBXBuildFile; fileRef = F5A49AC4296DC70600D6706F /* LaunchScreen.storyboard */; };
		F5A49AD1296DC70600D6706F /* PokemonAppTests.swift in Sources */ = {isa = PBXBuildFile; fileRef = F5A49AD0296DC70600D6706F /* PokemonAppTests.swift */; };
		F5A49AEA296DD14300D6706F /* HomeListViewController.swift in Sources */ = {isa = PBXBuildFile; fileRef = F5A49AE9296DD14300D6706F /* HomeListViewController.swift */; };
		F5A49AEE296DD17200D6706F /* AppNavigationController.swift in Sources */ = {isa = PBXBuildFile; fileRef = F5A49AED296DD17200D6706F /* AppNavigationController.swift */; };
		F5A49AF8296E13FC00D6706F /* HTTPRequest.swift in Sources */ = {isa = PBXBuildFile; fileRef = F5A49AF7296E13FC00D6706F /* HTTPRequest.swift */; };
		F5A49AFB296E18BE00D6706F /* HTTPRequestable.swift in Sources */ = {isa = PBXBuildFile; fileRef = F5A49AFA296E18BD00D6706F /* HTTPRequestable.swift */; };
		F5A49AFD296E18D100D6706F /* HTTPRequestError.swift in Sources */ = {isa = PBXBuildFile; fileRef = F5A49AFC296E18D100D6706F /* HTTPRequestError.swift */; };
		F5A49AFF296E1D1300D6706F /* HomeListViewModel.swift in Sources */ = {isa = PBXBuildFile; fileRef = F5A49AFE296E1D1300D6706F /* HomeListViewModel.swift */; };
		F5A49B03296E1D3E00D6706F /* HomeListViewModelProtocol.swift in Sources */ = {isa = PBXBuildFile; fileRef = F5A49B02296E1D3E00D6706F /* HomeListViewModelProtocol.swift */; };
		F5A49B14296E1FC400D6706F /* ViewController.swift in Sources */ = {isa = PBXBuildFile; fileRef = F5A49B10296E1FC400D6706F /* ViewController.swift */; };
		F5A49B15296E1FC400D6706F /* View.swift in Sources */ = {isa = PBXBuildFile; fileRef = F5A49B11296E1FC400D6706F /* View.swift */; };
		F5A49B16296E1FC400D6706F /* CollectionViewCell.swift in Sources */ = {isa = PBXBuildFile; fileRef = F5A49B12296E1FC400D6706F /* CollectionViewCell.swift */; };
		F5A49B17296E1FC400D6706F /* ViewConfigurator.swift in Sources */ = {isa = PBXBuildFile; fileRef = F5A49B13296E1FC400D6706F /* ViewConfigurator.swift */; };
		F5A49B19296E20AF00D6706F /* HomeListViewModelRepositoryProtocol.swift in Sources */ = {isa = PBXBuildFile; fileRef = F5A49B18296E20AF00D6706F /* HomeListViewModelRepositoryProtocol.swift */; };
		F5A49B1B296E21AF00D6706F /* HomeListViewRepository.swift in Sources */ = {isa = PBXBuildFile; fileRef = F5A49B1A296E21AF00D6706F /* HomeListViewRepository.swift */; };
		F5A49B1E296E23B800D6706F /* Pokemon.swift in Sources */ = {isa = PBXBuildFile; fileRef = F5A49B1D296E23B800D6706F /* Pokemon.swift */; };
		F5A49B21296E268100D6706F /* HTTPRequestDecoder.swift in Sources */ = {isa = PBXBuildFile; fileRef = F5A49B20296E268100D6706F /* HTTPRequestDecoder.swift */; };
		F5A49B23296E367100D6706F /* PokemonResponse.swift in Sources */ = {isa = PBXBuildFile; fileRef = F5A49B22296E367100D6706F /* PokemonResponse.swift */; };
		F5A49B25296E389400D6706F /* CompositionalLayout.swift in Sources */ = {isa = PBXBuildFile; fileRef = F5A49B24296E389400D6706F /* CompositionalLayout.swift */; };
		F5A49B27296E3AF700D6706F /* Typealias.swift in Sources */ = {isa = PBXBuildFile; fileRef = F5A49B26296E3AF700D6706F /* Typealias.swift */; };
		F5A49B2A296E3B2B00D6706F /* CompositionalLayoutSection.swift in Sources */ = {isa = PBXBuildFile; fileRef = F5A49B29296E3B2B00D6706F /* CompositionalLayoutSection.swift */; };
		F5A49B2F296E3CC200D6706F /* HomeListCollectionViewCell.swift in Sources */ = {isa = PBXBuildFile; fileRef = F5A49B2C296E3C9F00D6706F /* HomeListCollectionViewCell.swift */; };
		F5A49B31296E3D0400D6706F /* CollectionViewExtension.swift in Sources */ = {isa = PBXBuildFile; fileRef = F5A49B30296E3D0400D6706F /* CollectionViewExtension.swift */; };
/* End PBXBuildFile section */

/* Begin PBXContainerItemProxy section */
		F5A49ACD296DC70600D6706F /* PBXContainerItemProxy */ = {
			isa = PBXContainerItemProxy;
			containerPortal = F5A49AAE296DC70300D6706F /* Project object */;
			proxyType = 1;
			remoteGlobalIDString = F5A49AB5296DC70300D6706F;
			remoteInfo = PokemonApp;
		};
/* End PBXContainerItemProxy section */

/* Begin PBXFileReference section */
		343D6339114D689540E4EA7F /* Pods-PokemonAppTests.release.xcconfig */ = {isa = PBXFileReference; includeInIndex = 1; lastKnownFileType = text.xcconfig; name = "Pods-PokemonAppTests.release.xcconfig"; path = "Target Support Files/Pods-PokemonAppTests/Pods-PokemonAppTests.release.xcconfig"; sourceTree = "<group>"; };
		37FEAA93FE4E975D8577483B /* Pods-PokemonApp.debug.xcconfig */ = {isa = PBXFileReference; includeInIndex = 1; lastKnownFileType = text.xcconfig; name = "Pods-PokemonApp.debug.xcconfig"; path = "Target Support Files/Pods-PokemonApp/Pods-PokemonApp.debug.xcconfig"; sourceTree = "<group>"; };
		54D25052F1D726D5F1BDCBD1 /* Pods-PokemonAppTests.debug.xcconfig */ = {isa = PBXFileReference; includeInIndex = 1; lastKnownFileType = text.xcconfig; name = "Pods-PokemonAppTests.debug.xcconfig"; path = "Target Support Files/Pods-PokemonAppTests/Pods-PokemonAppTests.debug.xcconfig"; sourceTree = "<group>"; };
		5D85704E201BFFB71D298555 /* Pods-PokemonApp.release.xcconfig */ = {isa = PBXFileReference; includeInIndex = 1; lastKnownFileType = text.xcconfig; name = "Pods-PokemonApp.release.xcconfig"; path = "Target Support Files/Pods-PokemonApp/Pods-PokemonApp.release.xcconfig"; sourceTree = "<group>"; };
		9610BD90B38EB4C66C2D656D /* Pods_PokemonAppTests.framework */ = {isa = PBXFileReference; explicitFileType = wrapper.framework; includeInIndex = 0; path = Pods_PokemonAppTests.framework; sourceTree = BUILT_PRODUCTS_DIR; };
		B9CEAFBF3C8E41BCA0927A20 /* Pods_PokemonApp.framework */ = {isa = PBXFileReference; explicitFileType = wrapper.framework; includeInIndex = 0; path = Pods_PokemonApp.framework; sourceTree = BUILT_PRODUCTS_DIR; };
		F5A49AB6296DC70300D6706F /* PokemonApp.app */ = {isa = PBXFileReference; explicitFileType = wrapper.application; includeInIndex = 0; path = PokemonApp.app; sourceTree = BUILT_PRODUCTS_DIR; };
		F5A49AB9296DC70300D6706F /* AppDelegate.swift */ = {isa = PBXFileReference; lastKnownFileType = sourcecode.swift; path = AppDelegate.swift; sourceTree = "<group>"; };
		F5A49ABB296DC70300D6706F /* SceneDelegate.swift */ = {isa = PBXFileReference; lastKnownFileType = sourcecode.swift; path = SceneDelegate.swift; sourceTree = "<group>"; };
		F5A49AC2296DC70600D6706F /* Assets.xcassets */ = {isa = PBXFileReference; lastKnownFileType = folder.assetcatalog; path = Assets.xcassets; sourceTree = "<group>"; };
		F5A49AC5296DC70600D6706F /* Base */ = {isa = PBXFileReference; lastKnownFileType = file.storyboard; name = Base; path = Base.lproj/LaunchScreen.storyboard; sourceTree = "<group>"; };
		F5A49AC7296DC70600D6706F /* Info.plist */ = {isa = PBXFileReference; lastKnownFileType = text.plist.xml; path = Info.plist; sourceTree = "<group>"; };
		F5A49ACC296DC70600D6706F /* PokemonAppTests.xctest */ = {isa = PBXFileReference; explicitFileType = wrapper.cfbundle; includeInIndex = 0; path = PokemonAppTests.xctest; sourceTree = BUILT_PRODUCTS_DIR; };
		F5A49AD0296DC70600D6706F /* PokemonAppTests.swift */ = {isa = PBXFileReference; lastKnownFileType = sourcecode.swift; path = PokemonAppTests.swift; sourceTree = "<group>"; };
		F5A49AE9296DD14300D6706F /* HomeListViewController.swift */ = {isa = PBXFileReference; lastKnownFileType = sourcecode.swift; path = HomeListViewController.swift; sourceTree = "<group>"; };
		F5A49AED296DD17200D6706F /* AppNavigationController.swift */ = {isa = PBXFileReference; lastKnownFileType = sourcecode.swift; path = AppNavigationController.swift; sourceTree = "<group>"; };
		F5A49AF7296E13FC00D6706F /* HTTPRequest.swift */ = {isa = PBXFileReference; lastKnownFileType = sourcecode.swift; path = HTTPRequest.swift; sourceTree = "<group>"; };
		F5A49AFA296E18BD00D6706F /* HTTPRequestable.swift */ = {isa = PBXFileReference; lastKnownFileType = sourcecode.swift; path = HTTPRequestable.swift; sourceTree = "<group>"; };
		F5A49AFC296E18D100D6706F /* HTTPRequestError.swift */ = {isa = PBXFileReference; lastKnownFileType = sourcecode.swift; path = HTTPRequestError.swift; sourceTree = "<group>"; };
		F5A49AFE296E1D1300D6706F /* HomeListViewModel.swift */ = {isa = PBXFileReference; lastKnownFileType = sourcecode.swift; path = HomeListViewModel.swift; sourceTree = "<group>"; };
		F5A49B02296E1D3E00D6706F /* HomeListViewModelProtocol.swift */ = {isa = PBXFileReference; lastKnownFileType = sourcecode.swift; path = HomeListViewModelProtocol.swift; sourceTree = "<group>"; };
		F5A49B10296E1FC400D6706F /* ViewController.swift */ = {isa = PBXFileReference; fileEncoding = 4; lastKnownFileType = sourcecode.swift; path = ViewController.swift; sourceTree = "<group>"; };
		F5A49B11296E1FC400D6706F /* View.swift */ = {isa = PBXFileReference; fileEncoding = 4; lastKnownFileType = sourcecode.swift; path = View.swift; sourceTree = "<group>"; };
		F5A49B12296E1FC400D6706F /* CollectionViewCell.swift */ = {isa = PBXFileReference; fileEncoding = 4; lastKnownFileType = sourcecode.swift; path = CollectionViewCell.swift; sourceTree = "<group>"; };
		F5A49B13296E1FC400D6706F /* ViewConfigurator.swift */ = {isa = PBXFileReference; fileEncoding = 4; lastKnownFileType = sourcecode.swift; path = ViewConfigurator.swift; sourceTree = "<group>"; };
		F5A49B18296E20AF00D6706F /* HomeListViewModelRepositoryProtocol.swift */ = {isa = PBXFileReference; lastKnownFileType = sourcecode.swift; path = HomeListViewModelRepositoryProtocol.swift; sourceTree = "<group>"; };
		F5A49B1A296E21AF00D6706F /* HomeListViewRepository.swift */ = {isa = PBXFileReference; lastKnownFileType = sourcecode.swift; path = HomeListViewRepository.swift; sourceTree = "<group>"; };
		F5A49B1D296E23B800D6706F /* Pokemon.swift */ = {isa = PBXFileReference; lastKnownFileType = sourcecode.swift; path = Pokemon.swift; sourceTree = "<group>"; };
		F5A49B20296E268100D6706F /* HTTPRequestDecoder.swift */ = {isa = PBXFileReference; lastKnownFileType = sourcecode.swift; path = HTTPRequestDecoder.swift; sourceTree = "<group>"; };
		F5A49B22296E367100D6706F /* PokemonResponse.swift */ = {isa = PBXFileReference; lastKnownFileType = sourcecode.swift; path = PokemonResponse.swift; sourceTree = "<group>"; };
		F5A49B24296E389400D6706F /* CompositionalLayout.swift */ = {isa = PBXFileReference; lastKnownFileType = sourcecode.swift; path = CompositionalLayout.swift; sourceTree = "<group>"; };
		F5A49B26296E3AF700D6706F /* Typealias.swift */ = {isa = PBXFileReference; lastKnownFileType = sourcecode.swift; path = Typealias.swift; sourceTree = "<group>"; };
		F5A49B29296E3B2B00D6706F /* CompositionalLayoutSection.swift */ = {isa = PBXFileReference; lastKnownFileType = sourcecode.swift; path = CompositionalLayoutSection.swift; sourceTree = "<group>"; };
		F5A49B2C296E3C9F00D6706F /* HomeListCollectionViewCell.swift */ = {isa = PBXFileReference; lastKnownFileType = sourcecode.swift; path = HomeListCollectionViewCell.swift; sourceTree = "<group>"; };
		F5A49B30296E3D0400D6706F /* CollectionViewExtension.swift */ = {isa = PBXFileReference; lastKnownFileType = sourcecode.swift; path = CollectionViewExtension.swift; sourceTree = "<group>"; };
/* End PBXFileReference section */

/* Begin PBXFrameworksBuildPhase section */
		F5A49AB3296DC70300D6706F /* Frameworks */ = {
			isa = PBXFrameworksBuildPhase;
			buildActionMask = 2147483647;
			files = (
				86362401D09B286E57D474CE /* Pods_PokemonApp.framework in Frameworks */,
			);
			runOnlyForDeploymentPostprocessing = 0;
		};
		F5A49AC9296DC70600D6706F /* Frameworks */ = {
			isa = PBXFrameworksBuildPhase;
			buildActionMask = 2147483647;
			files = (
				0CF17377722FA9EDBE6A0CAB /* Pods_PokemonAppTests.framework in Frameworks */,
			);
			runOnlyForDeploymentPostprocessing = 0;
		};
/* End PBXFrameworksBuildPhase section */

/* Begin PBXGroup section */
		55512365E51075A0AB9368B3 /* Pods */ = {
			isa = PBXGroup;
			children = (
				37FEAA93FE4E975D8577483B /* Pods-PokemonApp.debug.xcconfig */,
				5D85704E201BFFB71D298555 /* Pods-PokemonApp.release.xcconfig */,
				54D25052F1D726D5F1BDCBD1 /* Pods-PokemonAppTests.debug.xcconfig */,
				343D6339114D689540E4EA7F /* Pods-PokemonAppTests.release.xcconfig */,
			);
			path = Pods;
			sourceTree = "<group>";
		};
		D33EEB512FA395AE44434231 /* Frameworks */ = {
			isa = PBXGroup;
			children = (
				B9CEAFBF3C8E41BCA0927A20 /* Pods_PokemonApp.framework */,
				9610BD90B38EB4C66C2D656D /* Pods_PokemonAppTests.framework */,
			);
			name = Frameworks;
			sourceTree = "<group>";
		};
		F5A49AAD296DC70300D6706F = {
			isa = PBXGroup;
			children = (
				F5A49AB8296DC70300D6706F /* PokemonApp */,
				F5A49ACF296DC70600D6706F /* PokemonAppTests */,
				F5A49AB7296DC70300D6706F /* Products */,
				55512365E51075A0AB9368B3 /* Pods */,
				D33EEB512FA395AE44434231 /* Frameworks */,
			);
			sourceTree = "<group>";
		};
		F5A49AB7296DC70300D6706F /* Products */ = {
			isa = PBXGroup;
			children = (
				F5A49AB6296DC70300D6706F /* PokemonApp.app */,
				F5A49ACC296DC70600D6706F /* PokemonAppTests.xctest */,
			);
			name = Products;
			sourceTree = "<group>";
		};
		F5A49AB8296DC70300D6706F /* PokemonApp */ = {
			isa = PBXGroup;
			children = (
				F5A49AEF296DD17500D6706F /* App */,
				F5A49AEB296DD14A00D6706F /* Scenes */,
				F5A49B0D296E1EC300D6706F /* Extensions */,
				F5A49AF9296E140100D6706F /* Requests */,
				F5A49B1F296E23D200D6706F /* Models */,
				F5A49AF0296DD1FD00D6706F /* Resources */,
			);
			path = PokemonApp;
			sourceTree = "<group>";
		};
		F5A49ACF296DC70600D6706F /* PokemonAppTests */ = {
			isa = PBXGroup;
			children = (
				F5A49AD0296DC70600D6706F /* PokemonAppTests.swift */,
			);
			path = PokemonAppTests;
			sourceTree = "<group>";
		};
		F5A49AEB296DD14A00D6706F /* Scenes */ = {
			isa = PBXGroup;
			children = (
				F5A49AEC296DD15100D6706F /* Home */,
			);
			path = Scenes;
			sourceTree = "<group>";
		};
		F5A49AEC296DD15100D6706F /* Home */ = {
			isa = PBXGroup;
			children = (
				F5A49B01296E1D2200D6706F /* ViewController */,
				F5A49B00296E1D1600D6706F /* ViewModel */,
				F5A49B04296E1D4100D6706F /* Protocols */,
				F5A49B1C296E21B200D6706F /* Repository */,
				F5A49B2E296E3CA400D6706F /* Views */,
			);
			path = Home;
			sourceTree = "<group>";
		};
		F5A49AEF296DD17500D6706F /* App */ = {
			isa = PBXGroup;
			children = (
				F5A49AB9296DC70300D6706F /* AppDelegate.swift */,
				F5A49ABB296DC70300D6706F /* SceneDelegate.swift */,
				F5A49AED296DD17200D6706F /* AppNavigationController.swift */,
			);
			path = App;
			sourceTree = "<group>";
		};
		F5A49AF0296DD1FD00D6706F /* Resources */ = {
			isa = PBXGroup;
			children = (
				F5A49AC2296DC70600D6706F /* Assets.xcassets */,
				F5A49AC4296DC70600D6706F /* LaunchScreen.storyboard */,
				F5A49AC7296DC70600D6706F /* Info.plist */,
			);
			path = Resources;
			sourceTree = "<group>";
		};
		F5A49AF9296E140100D6706F /* Requests */ = {
			isa = PBXGroup;
			children = (
				F5A49AF7296E13FC00D6706F /* HTTPRequest.swift */,
				F5A49AFA296E18BD00D6706F /* HTTPRequestable.swift */,
				F5A49AFC296E18D100D6706F /* HTTPRequestError.swift */,
				F5A49B20296E268100D6706F /* HTTPRequestDecoder.swift */,
			);
			path = Requests;
			sourceTree = "<group>";
		};
		F5A49B00296E1D1600D6706F /* ViewModel */ = {
			isa = PBXGroup;
			children = (
				F5A49AFE296E1D1300D6706F /* HomeListViewModel.swift */,
			);
			path = ViewModel;
			sourceTree = "<group>";
		};
		F5A49B01296E1D2200D6706F /* ViewController */ = {
			isa = PBXGroup;
			children = (
				F5A49AE9296DD14300D6706F /* HomeListViewController.swift */,
			);
			path = ViewController;
			sourceTree = "<group>";
		};
		F5A49B04296E1D4100D6706F /* Protocols */ = {
			isa = PBXGroup;
			children = (
				F5A49B02296E1D3E00D6706F /* HomeListViewModelProtocol.swift */,
				F5A49B18296E20AF00D6706F /* HomeListViewModelRepositoryProtocol.swift */,
			);
			path = Protocols;
			sourceTree = "<group>";
		};
		F5A49B0D296E1EC300D6706F /* Extensions */ = {
			isa = PBXGroup;
			children = (
				F5A49B28296E3AFD00D6706F /* Typealias */,
				F5A49B0F296E1FC400D6706F /* ViewCode */,
				F5A49B2B296E3B3400D6706F /* CompositionalLayout */,
				F5A49B32296E3D2700D6706F /* CollectionView */,
			);
			path = Extensions;
			sourceTree = "<group>";
		};
		F5A49B0F296E1FC400D6706F /* ViewCode */ = {
			isa = PBXGroup;
			children = (
				F5A49B10296E1FC400D6706F /* ViewController.swift */,
				F5A49B11296E1FC400D6706F /* View.swift */,
				F5A49B12296E1FC400D6706F /* CollectionViewCell.swift */,
				F5A49B13296E1FC400D6706F /* ViewConfigurator.swift */,
			);
			path = ViewCode;
			sourceTree = "<group>";
		};
		F5A49B1C296E21B200D6706F /* Repository */ = {
			isa = PBXGroup;
			children = (
				F5A49B1A296E21AF00D6706F /* HomeListViewRepository.swift */,
			);
			path = Repository;
			sourceTree = "<group>";
		};
		F5A49B1F296E23D200D6706F /* Models */ = {
			isa = PBXGroup;
			children = (
				F5A49B22296E367100D6706F /* PokemonResponse.swift */,
				F5A49B1D296E23B800D6706F /* Pokemon.swift */,
			);
			path = Models;
			sourceTree = "<group>";
		};
		F5A49B28296E3AFD00D6706F /* Typealias */ = {
			isa = PBXGroup;
			children = (
				F5A49B26296E3AF700D6706F /* Typealias.swift */,
			);
			path = Typealias;
			sourceTree = "<group>";
		};
		F5A49B2B296E3B3400D6706F /* CompositionalLayout */ = {
			isa = PBXGroup;
			children = (
				F5A49B24296E389400D6706F /* CompositionalLayout.swift */,
				F5A49B29296E3B2B00D6706F /* CompositionalLayoutSection.swift */,
			);
			path = CompositionalLayout;
			sourceTree = "<group>";
		};
		F5A49B2E296E3CA400D6706F /* Views */ = {
			isa = PBXGroup;
			children = (
				F5A49B2C296E3C9F00D6706F /* HomeListCollectionViewCell.swift */,
			);
			path = Views;
			sourceTree = "<group>";
		};
		F5A49B32296E3D2700D6706F /* CollectionView */ = {
			isa = PBXGroup;
			children = (
				F5A49B30296E3D0400D6706F /* CollectionViewExtension.swift */,
			);
			path = CollectionView;
			sourceTree = "<group>";
		};
/* End PBXGroup section */

/* Begin PBXNativeTarget section */
		F5A49AB5296DC70300D6706F /* PokemonApp */ = {
			isa = PBXNativeTarget;
			buildConfigurationList = F5A49AE0296DC70600D6706F /* Build configuration list for PBXNativeTarget "PokemonApp" */;
			buildPhases = (
				F16BF7C298AA4BCB28F3C5BC /* [CP] Check Pods Manifest.lock */,
				F5A49AB2296DC70300D6706F /* Sources */,
				F5A49AB3296DC70300D6706F /* Frameworks */,
				F5A49AB4296DC70300D6706F /* Resources */,
				6B29338AF0589F65A1E5D9CD /* [CP] Embed Pods Frameworks */,
			);
			buildRules = (
			);
			dependencies = (
			);
			name = PokemonApp;
			productName = PokemonApp;
			productReference = F5A49AB6296DC70300D6706F /* PokemonApp.app */;
			productType = "com.apple.product-type.application";
		};
		F5A49ACB296DC70600D6706F /* PokemonAppTests */ = {
			isa = PBXNativeTarget;
			buildConfigurationList = F5A49AE3296DC70600D6706F /* Build configuration list for PBXNativeTarget "PokemonAppTests" */;
			buildPhases = (
				08F2C145F0C0472F1C7107DD /* [CP] Check Pods Manifest.lock */,
				F5A49AC8296DC70600D6706F /* Sources */,
				F5A49AC9296DC70600D6706F /* Frameworks */,
				F5A49ACA296DC70600D6706F /* Resources */,
			);
			buildRules = (
			);
			dependencies = (
				F5A49ACE296DC70600D6706F /* PBXTargetDependency */,
			);
			name = PokemonAppTests;
			productName = PokemonAppTests;
			productReference = F5A49ACC296DC70600D6706F /* PokemonAppTests.xctest */;
			productType = "com.apple.product-type.bundle.unit-test";
		};
/* End PBXNativeTarget section */

/* Begin PBXProject section */
		F5A49AAE296DC70300D6706F /* Project object */ = {
			isa = PBXProject;
			attributes = {
				BuildIndependentTargetsInParallel = 1;
				LastSwiftUpdateCheck = 1400;
				LastUpgradeCheck = 1400;
				TargetAttributes = {
					F5A49AB5296DC70300D6706F = {
						CreatedOnToolsVersion = 14.0;
					};
					F5A49ACB296DC70600D6706F = {
						CreatedOnToolsVersion = 14.0;
						TestTargetID = F5A49AB5296DC70300D6706F;
					};
				};
			};
			buildConfigurationList = F5A49AB1296DC70300D6706F /* Build configuration list for PBXProject "PokemonApp" */;
			compatibilityVersion = "Xcode 13.0";
			developmentRegion = en;
			hasScannedForEncodings = 0;
			knownRegions = (
				en,
				Base,
			);
			mainGroup = F5A49AAD296DC70300D6706F;
			productRefGroup = F5A49AB7296DC70300D6706F /* Products */;
			projectDirPath = "";
			projectRoot = "";
			targets = (
				F5A49AB5296DC70300D6706F /* PokemonApp */,
				F5A49ACB296DC70600D6706F /* PokemonAppTests */,
			);
		};
/* End PBXProject section */

/* Begin PBXResourcesBuildPhase section */
		F5A49AB4296DC70300D6706F /* Resources */ = {
			isa = PBXResourcesBuildPhase;
			buildActionMask = 2147483647;
			files = (
				F5A49AC6296DC70600D6706F /* LaunchScreen.storyboard in Resources */,
				F5A49AC3296DC70600D6706F /* Assets.xcassets in Resources */,
			);
			runOnlyForDeploymentPostprocessing = 0;
		};
		F5A49ACA296DC70600D6706F /* Resources */ = {
			isa = PBXResourcesBuildPhase;
			buildActionMask = 2147483647;
			files = (
			);
			runOnlyForDeploymentPostprocessing = 0;
		};
/* End PBXResourcesBuildPhase section */

/* Begin PBXShellScriptBuildPhase section */
		08F2C145F0C0472F1C7107DD /* [CP] Check Pods Manifest.lock */ = {
			isa = PBXShellScriptBuildPhase;
			buildActionMask = 2147483647;
			files = (
			);
			inputFileListPaths = (
			);
			inputPaths = (
				"${PODS_PODFILE_DIR_PATH}/Podfile.lock",
				"${PODS_ROOT}/Manifest.lock",
			);
			name = "[CP] Check Pods Manifest.lock";
			outputFileListPaths = (
			);
			outputPaths = (
				"$(DERIVED_FILE_DIR)/Pods-PokemonAppTests-checkManifestLockResult.txt",
			);
			runOnlyForDeploymentPostprocessing = 0;
			shellPath = /bin/sh;
			shellScript = "diff \"${PODS_PODFILE_DIR_PATH}/Podfile.lock\" \"${PODS_ROOT}/Manifest.lock\" > /dev/null\nif [ $? != 0 ] ; then\n    # print error to STDERR\n    echo \"error: The sandbox is not in sync with the Podfile.lock. Run 'pod install' or update your CocoaPods installation.\" >&2\n    exit 1\nfi\n# This output is used by Xcode 'outputs' to avoid re-running this script phase.\necho \"SUCCESS\" > \"${SCRIPT_OUTPUT_FILE_0}\"\n";
			showEnvVarsInLog = 0;
		};
		6B29338AF0589F65A1E5D9CD /* [CP] Embed Pods Frameworks */ = {
			isa = PBXShellScriptBuildPhase;
			buildActionMask = 2147483647;
			files = (
			);
			inputFileListPaths = (
				"${PODS_ROOT}/Target Support Files/Pods-PokemonApp/Pods-PokemonApp-frameworks-${CONFIGURATION}-input-files.xcfilelist",
			);
			name = "[CP] Embed Pods Frameworks";
			outputFileListPaths = (
				"${PODS_ROOT}/Target Support Files/Pods-PokemonApp/Pods-PokemonApp-frameworks-${CONFIGURATION}-output-files.xcfilelist",
			);
			runOnlyForDeploymentPostprocessing = 0;
			shellPath = /bin/sh;
			shellScript = "\"${PODS_ROOT}/Target Support Files/Pods-PokemonApp/Pods-PokemonApp-frameworks.sh\"\n";
			showEnvVarsInLog = 0;
		};
		F16BF7C298AA4BCB28F3C5BC /* [CP] Check Pods Manifest.lock */ = {
			isa = PBXShellScriptBuildPhase;
			buildActionMask = 2147483647;
			files = (
			);
			inputFileListPaths = (
			);
			inputPaths = (
				"${PODS_PODFILE_DIR_PATH}/Podfile.lock",
				"${PODS_ROOT}/Manifest.lock",
			);
			name = "[CP] Check Pods Manifest.lock";
			outputFileListPaths = (
			);
			outputPaths = (
				"$(DERIVED_FILE_DIR)/Pods-PokemonApp-checkManifestLockResult.txt",
			);
			runOnlyForDeploymentPostprocessing = 0;
			shellPath = /bin/sh;
			shellScript = "diff \"${PODS_PODFILE_DIR_PATH}/Podfile.lock\" \"${PODS_ROOT}/Manifest.lock\" > /dev/null\nif [ $? != 0 ] ; then\n    # print error to STDERR\n    echo \"error: The sandbox is not in sync with the Podfile.lock. Run 'pod install' or update your CocoaPods installation.\" >&2\n    exit 1\nfi\n# This output is used by Xcode 'outputs' to avoid re-running this script phase.\necho \"SUCCESS\" > \"${SCRIPT_OUTPUT_FILE_0}\"\n";
			showEnvVarsInLog = 0;
		};
/* End PBXShellScriptBuildPhase section */

/* Begin PBXSourcesBuildPhase section */
		F5A49AB2296DC70300D6706F /* Sources */ = {
			isa = PBXSourcesBuildPhase;
			buildActionMask = 2147483647;
			files = (
				F5A49B2F296E3CC200D6706F /* HomeListCollectionViewCell.swift in Sources */,
				F5A49B14296E1FC400D6706F /* ViewController.swift in Sources */,
				F5A49B1E296E23B800D6706F /* Pokemon.swift in Sources */,
				F5A49B03296E1D3E00D6706F /* HomeListViewModelProtocol.swift in Sources */,
				F5A49B17296E1FC400D6706F /* ViewConfigurator.swift in Sources */,
				F5A49B16296E1FC400D6706F /* CollectionViewCell.swift in Sources */,
				F5A49B31296E3D0400D6706F /* CollectionViewExtension.swift in Sources */,
				F5A49ABA296DC70300D6706F /* AppDelegate.swift in Sources */,
				F5A49AFD296E18D100D6706F /* HTTPRequestError.swift in Sources */,
				F5A49AEE296DD17200D6706F /* AppNavigationController.swift in Sources */,
				F5A49B25296E389400D6706F /* CompositionalLayout.swift in Sources */,
				F5A49B21296E268100D6706F /* HTTPRequestDecoder.swift in Sources */,
				F5A49AFF296E1D1300D6706F /* HomeListViewModel.swift in Sources */,
				F5A49B1B296E21AF00D6706F /* HomeListViewRepository.swift in Sources */,
				F5A49AF8296E13FC00D6706F /* HTTPRequest.swift in Sources */,
				F5A49AEA296DD14300D6706F /* HomeListViewController.swift in Sources */,
				F5A49B27296E3AF700D6706F /* Typealias.swift in Sources */,
				F5A49ABC296DC70300D6706F /* SceneDelegate.swift in Sources */,
				F5A49B2A296E3B2B00D6706F /* CompositionalLayoutSection.swift in Sources */,
				F5A49B23296E367100D6706F /* PokemonResponse.swift in Sources */,
				F5A49B19296E20AF00D6706F /* HomeListViewModelRepositoryProtocol.swift in Sources */,
				F5A49B15296E1FC400D6706F /* View.swift in Sources */,
				F5A49AFB296E18BE00D6706F /* HTTPRequestable.swift in Sources */,
			);
			runOnlyForDeploymentPostprocessing = 0;
		};
		F5A49AC8296DC70600D6706F /* Sources */ = {
			isa = PBXSourcesBuildPhase;
			buildActionMask = 2147483647;
			files = (
				F5A49AD1296DC70600D6706F /* PokemonAppTests.swift in Sources */,
			);
			runOnlyForDeploymentPostprocessing = 0;
		};
/* End PBXSourcesBuildPhase section */

/* Begin PBXTargetDependency section */
		F5A49ACE296DC70600D6706F /* PBXTargetDependency */ = {
			isa = PBXTargetDependency;
			target = F5A49AB5296DC70300D6706F /* PokemonApp */;
			targetProxy = F5A49ACD296DC70600D6706F /* PBXContainerItemProxy */;
		};
/* End PBXTargetDependency section */

/* Begin PBXVariantGroup section */
		F5A49AC4296DC70600D6706F /* LaunchScreen.storyboard */ = {
			isa = PBXVariantGroup;
			children = (
				F5A49AC5296DC70600D6706F /* Base */,
			);
			name = LaunchScreen.storyboard;
			sourceTree = "<group>";
		};
/* End PBXVariantGroup section */

/* Begin XCBuildConfiguration section */
		F5A49ADE296DC70600D6706F /* Debug */ = {
			isa = XCBuildConfiguration;
			buildSettings = {
				ALWAYS_SEARCH_USER_PATHS = NO;
				CLANG_ANALYZER_NONNULL = YES;
				CLANG_ANALYZER_NUMBER_OBJECT_CONVERSION = YES_AGGRESSIVE;
				CLANG_CXX_LANGUAGE_STANDARD = "gnu++20";
				CLANG_ENABLE_MODULES = YES;
				CLANG_ENABLE_OBJC_ARC = YES;
				CLANG_ENABLE_OBJC_WEAK = YES;
				CLANG_WARN_BLOCK_CAPTURE_AUTORELEASING = YES;
				CLANG_WARN_BOOL_CONVERSION = YES;
				CLANG_WARN_COMMA = YES;
				CLANG_WARN_CONSTANT_CONVERSION = YES;
				CLANG_WARN_DEPRECATED_OBJC_IMPLEMENTATIONS = YES;
				CLANG_WARN_DIRECT_OBJC_ISA_USAGE = YES_ERROR;
				CLANG_WARN_DOCUMENTATION_COMMENTS = YES;
				CLANG_WARN_EMPTY_BODY = YES;
				CLANG_WARN_ENUM_CONVERSION = YES;
				CLANG_WARN_INFINITE_RECURSION = YES;
				CLANG_WARN_INT_CONVERSION = YES;
				CLANG_WARN_NON_LITERAL_NULL_CONVERSION = YES;
				CLANG_WARN_OBJC_IMPLICIT_RETAIN_SELF = YES;
				CLANG_WARN_OBJC_LITERAL_CONVERSION = YES;
				CLANG_WARN_OBJC_ROOT_CLASS = YES_ERROR;
				CLANG_WARN_QUOTED_INCLUDE_IN_FRAMEWORK_HEADER = YES;
				CLANG_WARN_RANGE_LOOP_ANALYSIS = YES;
				CLANG_WARN_STRICT_PROTOTYPES = YES;
				CLANG_WARN_SUSPICIOUS_MOVE = YES;
				CLANG_WARN_UNGUARDED_AVAILABILITY = YES_AGGRESSIVE;
				CLANG_WARN_UNREACHABLE_CODE = YES;
				CLANG_WARN__DUPLICATE_METHOD_MATCH = YES;
				COPY_PHASE_STRIP = NO;
				DEBUG_INFORMATION_FORMAT = dwarf;
				ENABLE_STRICT_OBJC_MSGSEND = YES;
				ENABLE_TESTABILITY = YES;
				GCC_C_LANGUAGE_STANDARD = gnu11;
				GCC_DYNAMIC_NO_PIC = NO;
				GCC_NO_COMMON_BLOCKS = YES;
				GCC_OPTIMIZATION_LEVEL = 0;
				GCC_PREPROCESSOR_DEFINITIONS = (
					"DEBUG=1",
					"$(inherited)",
				);
				GCC_WARN_64_TO_32_BIT_CONVERSION = YES;
				GCC_WARN_ABOUT_RETURN_TYPE = YES_ERROR;
				GCC_WARN_UNDECLARED_SELECTOR = YES;
				GCC_WARN_UNINITIALIZED_AUTOS = YES_AGGRESSIVE;
				GCC_WARN_UNUSED_FUNCTION = YES;
				GCC_WARN_UNUSED_VARIABLE = YES;
				IPHONEOS_DEPLOYMENT_TARGET = 14.0;
				MTL_ENABLE_DEBUG_INFO = INCLUDE_SOURCE;
				MTL_FAST_MATH = YES;
				ONLY_ACTIVE_ARCH = YES;
				SDKROOT = iphoneos;
				SWIFT_ACTIVE_COMPILATION_CONDITIONS = DEBUG;
				SWIFT_OPTIMIZATION_LEVEL = "-Onone";
			};
			name = Debug;
		};
		F5A49ADF296DC70600D6706F /* Release */ = {
			isa = XCBuildConfiguration;
			buildSettings = {
				ALWAYS_SEARCH_USER_PATHS = NO;
				CLANG_ANALYZER_NONNULL = YES;
				CLANG_ANALYZER_NUMBER_OBJECT_CONVERSION = YES_AGGRESSIVE;
				CLANG_CXX_LANGUAGE_STANDARD = "gnu++20";
				CLANG_ENABLE_MODULES = YES;
				CLANG_ENABLE_OBJC_ARC = YES;
				CLANG_ENABLE_OBJC_WEAK = YES;
				CLANG_WARN_BLOCK_CAPTURE_AUTORELEASING = YES;
				CLANG_WARN_BOOL_CONVERSION = YES;
				CLANG_WARN_COMMA = YES;
				CLANG_WARN_CONSTANT_CONVERSION = YES;
				CLANG_WARN_DEPRECATED_OBJC_IMPLEMENTATIONS = YES;
				CLANG_WARN_DIRECT_OBJC_ISA_USAGE = YES_ERROR;
				CLANG_WARN_DOCUMENTATION_COMMENTS = YES;
				CLANG_WARN_EMPTY_BODY = YES;
				CLANG_WARN_ENUM_CONVERSION = YES;
				CLANG_WARN_INFINITE_RECURSION = YES;
				CLANG_WARN_INT_CONVERSION = YES;
				CLANG_WARN_NON_LITERAL_NULL_CONVERSION = YES;
				CLANG_WARN_OBJC_IMPLICIT_RETAIN_SELF = YES;
				CLANG_WARN_OBJC_LITERAL_CONVERSION = YES;
				CLANG_WARN_OBJC_ROOT_CLASS = YES_ERROR;
				CLANG_WARN_QUOTED_INCLUDE_IN_FRAMEWORK_HEADER = YES;
				CLANG_WARN_RANGE_LOOP_ANALYSIS = YES;
				CLANG_WARN_STRICT_PROTOTYPES = YES;
				CLANG_WARN_SUSPICIOUS_MOVE = YES;
				CLANG_WARN_UNGUARDED_AVAILABILITY = YES_AGGRESSIVE;
				CLANG_WARN_UNREACHABLE_CODE = YES;
				CLANG_WARN__DUPLICATE_METHOD_MATCH = YES;
				COPY_PHASE_STRIP = NO;
				DEBUG_INFORMATION_FORMAT = "dwarf-with-dsym";
				ENABLE_NS_ASSERTIONS = NO;
				ENABLE_STRICT_OBJC_MSGSEND = YES;
				GCC_C_LANGUAGE_STANDARD = gnu11;
				GCC_NO_COMMON_BLOCKS = YES;
				GCC_WARN_64_TO_32_BIT_CONVERSION = YES;
				GCC_WARN_ABOUT_RETURN_TYPE = YES_ERROR;
				GCC_WARN_UNDECLARED_SELECTOR = YES;
				GCC_WARN_UNINITIALIZED_AUTOS = YES_AGGRESSIVE;
				GCC_WARN_UNUSED_FUNCTION = YES;
				GCC_WARN_UNUSED_VARIABLE = YES;
				IPHONEOS_DEPLOYMENT_TARGET = 14.0;
				MTL_ENABLE_DEBUG_INFO = NO;
				MTL_FAST_MATH = YES;
				SDKROOT = iphoneos;
				SWIFT_COMPILATION_MODE = wholemodule;
				SWIFT_OPTIMIZATION_LEVEL = "-O";
				VALIDATE_PRODUCT = YES;
			};
			name = Release;
		};
		F5A49AE1296DC70600D6706F /* Debug */ = {
			isa = XCBuildConfiguration;
			baseConfigurationReference = 37FEAA93FE4E975D8577483B /* Pods-PokemonApp.debug.xcconfig */;
			buildSettings = {
				ASSETCATALOG_COMPILER_APPICON_NAME = AppIcon;
				ASSETCATALOG_COMPILER_GLOBAL_ACCENT_COLOR_NAME = AccentColor;
				CODE_SIGN_STYLE = Automatic;
				CURRENT_PROJECT_VERSION = 1;
				GENERATE_INFOPLIST_FILE = YES;
				INFOPLIST_FILE = PokemonApp/Resources/Info.plist;
				INFOPLIST_KEY_UIApplicationSupportsIndirectInputEvents = YES;
				INFOPLIST_KEY_UILaunchStoryboardName = LaunchScreen;
				INFOPLIST_KEY_UIMainStoryboardFile = "";
				INFOPLIST_KEY_UISupportedInterfaceOrientations_iPad = "UIInterfaceOrientationPortrait UIInterfaceOrientationPortraitUpsideDown UIInterfaceOrientationLandscapeLeft UIInterfaceOrientationLandscapeRight";
				INFOPLIST_KEY_UISupportedInterfaceOrientations_iPhone = "UIInterfaceOrientationPortrait UIInterfaceOrientationLandscapeLeft UIInterfaceOrientationLandscapeRight";
				IPHONEOS_DEPLOYMENT_TARGET = 14.0;
				LD_RUNPATH_SEARCH_PATHS = (
					"$(inherited)",
					"@executable_path/Frameworks",
				);
				MARKETING_VERSION = 1.0;
				PRODUCT_BUNDLE_IDENTIFIER = diego.costa.PokemonApp;
				PRODUCT_NAME = "$(TARGET_NAME)";
				SWIFT_EMIT_LOC_STRINGS = YES;
				SWIFT_VERSION = 5.0;
				TARGETED_DEVICE_FAMILY = "1,2";
			};
			name = Debug;
		};
		F5A49AE2296DC70600D6706F /* Release */ = {
			isa = XCBuildConfiguration;
			baseConfigurationReference = 5D85704E201BFFB71D298555 /* Pods-PokemonApp.release.xcconfig */;
			buildSettings = {
				ASSETCATALOG_COMPILER_APPICON_NAME = AppIcon;
				ASSETCATALOG_COMPILER_GLOBAL_ACCENT_COLOR_NAME = AccentColor;
				CODE_SIGN_STYLE = Automatic;
				CURRENT_PROJECT_VERSION = 1;
				GENERATE_INFOPLIST_FILE = YES;
				INFOPLIST_FILE = PokemonApp/Resources/Info.plist;
				INFOPLIST_KEY_UIApplicationSupportsIndirectInputEvents = YES;
				INFOPLIST_KEY_UILaunchStoryboardName = LaunchScreen;
				INFOPLIST_KEY_UIMainStoryboardFile = "";
				INFOPLIST_KEY_UISupportedInterfaceOrientations_iPad = "UIInterfaceOrientationPortrait UIInterfaceOrientationPortraitUpsideDown UIInterfaceOrientationLandscapeLeft UIInterfaceOrientationLandscapeRight";
				INFOPLIST_KEY_UISupportedInterfaceOrientations_iPhone = "UIInterfaceOrientationPortrait UIInterfaceOrientationLandscapeLeft UIInterfaceOrientationLandscapeRight";
				IPHONEOS_DEPLOYMENT_TARGET = 14.0;
				LD_RUNPATH_SEARCH_PATHS = (
					"$(inherited)",
					"@executable_path/Frameworks",
				);
				MARKETING_VERSION = 1.0;
				PRODUCT_BUNDLE_IDENTIFIER = diego.costa.PokemonApp;
				PRODUCT_NAME = "$(TARGET_NAME)";
				SWIFT_EMIT_LOC_STRINGS = YES;
				SWIFT_VERSION = 5.0;
				TARGETED_DEVICE_FAMILY = "1,2";
			};
			name = Release;
		};
		F5A49AE4296DC70600D6706F /* Debug */ = {
			isa = XCBuildConfiguration;
			baseConfigurationReference = 54D25052F1D726D5F1BDCBD1 /* Pods-PokemonAppTests.debug.xcconfig */;
			buildSettings = {
				ALWAYS_EMBED_SWIFT_STANDARD_LIBRARIES = YES;
				BUNDLE_LOADER = "$(TEST_HOST)";
				CODE_SIGN_STYLE = Automatic;
				CURRENT_PROJECT_VERSION = 1;
				GENERATE_INFOPLIST_FILE = YES;
				IPHONEOS_DEPLOYMENT_TARGET = 16.0;
				MARKETING_VERSION = 1.0;
				PRODUCT_BUNDLE_IDENTIFIER = diego.costa.PokemonAppTests;
				PRODUCT_NAME = "$(TARGET_NAME)";
				SWIFT_EMIT_LOC_STRINGS = NO;
				SWIFT_VERSION = 5.0;
				TARGETED_DEVICE_FAMILY = "1,2";
				TEST_HOST = "$(BUILT_PRODUCTS_DIR)/PokemonApp.app/$(BUNDLE_EXECUTABLE_FOLDER_PATH)/PokemonApp";
			};
			name = Debug;
		};
		F5A49AE5296DC70600D6706F /* Release */ = {
			isa = XCBuildConfiguration;
			baseConfigurationReference = 343D6339114D689540E4EA7F /* Pods-PokemonAppTests.release.xcconfig */;
			buildSettings = {
				ALWAYS_EMBED_SWIFT_STANDARD_LIBRARIES = YES;
				BUNDLE_LOADER = "$(TEST_HOST)";
				CODE_SIGN_STYLE = Automatic;
				CURRENT_PROJECT_VERSION = 1;
				GENERATE_INFOPLIST_FILE = YES;
				IPHONEOS_DEPLOYMENT_TARGET = 16.0;
				MARKETING_VERSION = 1.0;
				PRODUCT_BUNDLE_IDENTIFIER = diego.costa.PokemonAppTests;
				PRODUCT_NAME = "$(TARGET_NAME)";
				SWIFT_EMIT_LOC_STRINGS = NO;
				SWIFT_VERSION = 5.0;
				TARGETED_DEVICE_FAMILY = "1,2";
				TEST_HOST = "$(BUILT_PRODUCTS_DIR)/PokemonApp.app/$(BUNDLE_EXECUTABLE_FOLDER_PATH)/PokemonApp";
			};
			name = Release;
		};
/* End XCBuildConfiguration section */

/* Begin XCConfigurationList section */
		F5A49AB1296DC70300D6706F /* Build configuration list for PBXProject "PokemonApp" */ = {
			isa = XCConfigurationList;
			buildConfigurations = (
				F5A49ADE296DC70600D6706F /* Debug */,
				F5A49ADF296DC70600D6706F /* Release */,
			);
			defaultConfigurationIsVisible = 0;
			defaultConfigurationName = Release;
		};
		F5A49AE0296DC70600D6706F /* Build configuration list for PBXNativeTarget "PokemonApp" */ = {
			isa = XCConfigurationList;
			buildConfigurations = (
				F5A49AE1296DC70600D6706F /* Debug */,
				F5A49AE2296DC70600D6706F /* Release */,
			);
			defaultConfigurationIsVisible = 0;
			defaultConfigurationName = Release;
		};
		F5A49AE3296DC70600D6706F /* Build configuration list for PBXNativeTarget "PokemonAppTests" */ = {
			isa = XCConfigurationList;
			buildConfigurations = (
				F5A49AE4296DC70600D6706F /* Debug */,
				F5A49AE5296DC70600D6706F /* Release */,
			);
			defaultConfigurationIsVisible = 0;
			defaultConfigurationName = Release;
		};
/* End XCConfigurationList section */
	};
	rootObject = F5A49AAE296DC70300D6706F /* Project object */;
}
